// !$*UTF8*$!
{
	archiveVersion = 1;
	classes = {
	};
	objectVersion = 46;
	objects = {

/* Begin PBXBuildFile section */
		D239E6491DA9EB8A00A04DDB /* main.m in Sources */ = {isa = PBXBuildFile; fileRef = D239E6481DA9EB8A00A04DDB /* main.m */; };
		D239E64C1DA9EB8A00A04DDB /* AppDelegate.m in Sources */ = {isa = PBXBuildFile; fileRef = D239E64B1DA9EB8A00A04DDB /* AppDelegate.m */; };
		D239E64F1DA9EB8A00A04DDB /* ViewController.m in Sources */ = {isa = PBXBuildFile; fileRef = D239E64E1DA9EB8A00A04DDB /* ViewController.m */; };
		D239E6521DA9EB8A00A04DDB /* Main.storyboard in Resources */ = {isa = PBXBuildFile; fileRef = D239E6501DA9EB8A00A04DDB /* Main.storyboard */; };
		D239E6541DA9EB8A00A04DDB /* Assets.xcassets in Resources */ = {isa = PBXBuildFile; fileRef = D239E6531DA9EB8A00A04DDB /* Assets.xcassets */; };
		D239E6571DA9EB8A00A04DDB /* LaunchScreen.storyboard in Resources */ = {isa = PBXBuildFile; fileRef = D239E6551DA9EB8A00A04DDB /* LaunchScreen.storyboard */; };
		D239E6621DA9EB8A00A04DDB /* _____Tests.m in Sources */ = {isa = PBXBuildFile; fileRef = D239E6611DA9EB8A00A04DDB /* _____Tests.m */; };
		D239E66D1DA9EB8A00A04DDB /* _____UITests.m in Sources */ = {isa = PBXBuildFile; fileRef = D239E66C1DA9EB8A00A04DDB /* _____UITests.m */; };
/* End PBXBuildFile section */

/* Begin PBXContainerItemProxy section */
		D239E65E1DA9EB8A00A04DDB /* PBXContainerItemProxy */ = {
			isa = PBXContainerItemProxy;
			containerPortal = D239E63C1DA9EB8900A04DDB /* Project object */;
			proxyType = 1;
			remoteGlobalIDString = D239E6431DA9EB8900A04DDB;
			remoteInfo = "百思不得姐";
		};
		D239E6691DA9EB8A00A04DDB /* PBXContainerItemProxy */ = {
			isa = PBXContainerItemProxy;
			containerPortal = D239E63C1DA9EB8900A04DDB /* Project object */;
			proxyType = 1;
			remoteGlobalIDString = D239E6431DA9EB8900A04DDB;
			remoteInfo = "百思不得姐";
		};
/* End PBXContainerItemProxy section */

/* Begin PBXFileReference section */
		D239E6441DA9EB8900A04DDB /* 百思不得姐.app */ = {isa = PBXFileReference; explicitFileType = wrapper.application; includeInIndex = 0; path = "百思不得姐.app"; sourceTree = BUILT_PRODUCTS_DIR; };
		D239E6481DA9EB8A00A04DDB /* main.m */ = {isa = PBXFileReference; lastKnownFileType = sourcecode.c.objc; path = main.m; sourceTree = "<group>"; };
		D239E64A1DA9EB8A00A04DDB /* AppDelegate.h */ = {isa = PBXFileReference; lastKnownFileType = sourcecode.c.h; path = AppDelegate.h; sourceTree = "<group>"; };
		D239E64B1DA9EB8A00A04DDB /* AppDelegate.m */ = {isa = PBXFileReference; lastKnownFileType = sourcecode.c.objc; path = AppDelegate.m; sourceTree = "<group>"; };
		D239E64D1DA9EB8A00A04DDB /* ViewController.h */ = {isa = PBXFileReference; lastKnownFileType = sourcecode.c.h; path = ViewController.h; sourceTree = "<group>"; };
		D239E64E1DA9EB8A00A04DDB /* ViewController.m */ = {isa = PBXFileReference; lastKnownFileType = sourcecode.c.objc; path = ViewController.m; sourceTree = "<group>"; };
		D239E6511DA9EB8A00A04DDB /* Base */ = {isa = PBXFileReference; lastKnownFileType = file.storyboard; name = Base; path = Base.lproj/Main.storyboard; sourceTree = "<group>"; };
		D239E6531DA9EB8A00A04DDB /* Assets.xcassets */ = {isa = PBXFileReference; lastKnownFileType = folder.assetcatalog; path = Assets.xcassets; sourceTree = "<group>"; };
		D239E6561DA9EB8A00A04DDB /* Base */ = {isa = PBXFileReference; lastKnownFileType = file.storyboard; name = Base; path = Base.lproj/LaunchScreen.storyboard; sourceTree = "<group>"; };
		D239E6581DA9EB8A00A04DDB /* Info.plist */ = {isa = PBXFileReference; lastKnownFileType = text.plist.xml; path = Info.plist; sourceTree = "<group>"; };
		D239E65D1DA9EB8A00A04DDB /* 百思不得姐Tests.xctest */ = {isa = PBXFileReference; explicitFileType = wrapper.cfbundle; includeInIndex = 0; path = "百思不得姐Tests.xctest"; sourceTree = BUILT_PRODUCTS_DIR; };
		D239E6611DA9EB8A00A04DDB /* _____Tests.m */ = {isa = PBXFileReference; lastKnownFileType = sourcecode.c.objc; path = "_____Tests.m"; sourceTree = "<group>"; };
		D239E6631DA9EB8A00A04DDB /* Info.plist */ = {isa = PBXFileReference; lastKnownFileType = text.plist.xml; path = Info.plist; sourceTree = "<group>"; };
		D239E6681DA9EB8A00A04DDB /* 百思不得姐UITests.xctest */ = {isa = PBXFileReference; explicitFileType = wrapper.cfbundle; includeInIndex = 0; path = "百思不得姐UITests.xctest"; sourceTree = BUILT_PRODUCTS_DIR; };
		D239E66C1DA9EB8A00A04DDB /* _____UITests.m */ = {isa = PBXFileReference; lastKnownFileType = sourcecode.c.objc; path = "_____UITests.m"; sourceTree = "<group>"; };
		D239E66E1DA9EB8A00A04DDB /* Info.plist */ = {isa = PBXFileReference; lastKnownFileType = text.plist.xml; path = Info.plist; sourceTree = "<group>"; };
/* End PBXFileReference section */

/* Begin PBXFrameworksBuildPhase section */
		D239E6411DA9EB8900A04DDB /* Frameworks */ = {
			isa = PBXFrameworksBuildPhase;
			buildActionMask = 2147483647;
			files = (
			);
			runOnlyForDeploymentPostprocessing = 0;
		};
		D239E65A1DA9EB8A00A04DDB /* Frameworks */ = {
			isa = PBXFrameworksBuildPhase;
			buildActionMask = 2147483647;
			files = (
			);
			runOnlyForDeploymentPostprocessing = 0;
		};
		D239E6651DA9EB8A00A04DDB /* Frameworks */ = {
			isa = PBXFrameworksBuildPhase;
			buildActionMask = 2147483647;
			files = (
			);
			runOnlyForDeploymentPostprocessing = 0;
		};
/* End PBXFrameworksBuildPhase section */

/* Begin PBXGroup section */
		D239E63B1DA9EB8900A04DDB = {
			isa = PBXGroup;
			children = (
				D239E6461DA9EB8A00A04DDB /* 百思不得姐 */,
				D239E6601DA9EB8A00A04DDB /* 百思不得姐Tests */,
				D239E66B1DA9EB8A00A04DDB /* 百思不得姐UITests */,
				D239E6451DA9EB8900A04DDB /* Products */,
			);
			sourceTree = "<group>";
		};
		D239E6451DA9EB8900A04DDB /* Products */ = {
			isa = PBXGroup;
			children = (
				D239E6441DA9EB8900A04DDB /* 百思不得姐.app */,
				D239E65D1DA9EB8A00A04DDB /* 百思不得姐Tests.xctest */,
				D239E6681DA9EB8A00A04DDB /* 百思不得姐UITests.xctest */,
			);
			name = Products;
			sourceTree = "<group>";
		};
		D239E6461DA9EB8A00A04DDB /* 百思不得姐 */ = {
			isa = PBXGroup;
			children = (
				D239E64A1DA9EB8A00A04DDB /* AppDelegate.h */,
				D239E64B1DA9EB8A00A04DDB /* AppDelegate.m */,
				D239E64D1DA9EB8A00A04DDB /* ViewController.h */,
				D239E64E1DA9EB8A00A04DDB /* ViewController.m */,
				D239E6501DA9EB8A00A04DDB /* Main.storyboard */,
				D239E6531DA9EB8A00A04DDB /* Assets.xcassets */,
				D239E6551DA9EB8A00A04DDB /* LaunchScreen.storyboard */,
				D239E6581DA9EB8A00A04DDB /* Info.plist */,
				D239E6471DA9EB8A00A04DDB /* Supporting Files */,
			);
			path = "百思不得姐";
			sourceTree = "<group>";
		};
		D239E6471DA9EB8A00A04DDB /* Supporting Files */ = {
			isa = PBXGroup;
			children = (
				D239E6481DA9EB8A00A04DDB /* main.m */,
			);
			name = "Supporting Files";
			sourceTree = "<group>";
		};
		D239E6601DA9EB8A00A04DDB /* 百思不得姐Tests */ = {
			isa = PBXGroup;
			children = (
				D239E6611DA9EB8A00A04DDB /* _____Tests.m */,
				D239E6631DA9EB8A00A04DDB /* Info.plist */,
			);
			path = "百思不得姐Tests";
			sourceTree = "<group>";
		};
		D239E66B1DA9EB8A00A04DDB /* 百思不得姐UITests */ = {
			isa = PBXGroup;
			children = (
				D239E66C1DA9EB8A00A04DDB /* _____UITests.m */,
				D239E66E1DA9EB8A00A04DDB /* Info.plist */,
			);
			path = "百思不得姐UITests";
			sourceTree = "<group>";
		};
/* End PBXGroup section */

/* Begin PBXNativeTarget section */
		D239E6431DA9EB8900A04DDB /* 百思不得姐 */ = {
			isa = PBXNativeTarget;
			buildConfigurationList = D239E6711DA9EB8A00A04DDB /* Build configuration list for PBXNativeTarget "百思不得姐" */;
			buildPhases = (
				D239E6401DA9EB8900A04DDB /* Sources */,
				D239E6411DA9EB8900A04DDB /* Frameworks */,
				D239E6421DA9EB8900A04DDB /* Resources */,
			);
			buildRules = (
			);
			dependencies = (
			);
			name = "百思不得姐";
			productName = "百思不得姐";
			productReference = D239E6441DA9EB8900A04DDB /* 百思不得姐.app */;
			productType = "com.apple.product-type.application";
		};
		D239E65C1DA9EB8A00A04DDB /* 百思不得姐Tests */ = {
			isa = PBXNativeTarget;
			buildConfigurationList = D239E6741DA9EB8A00A04DDB /* Build configuration list for PBXNativeTarget "百思不得姐Tests" */;
			buildPhases = (
				D239E6591DA9EB8A00A04DDB /* Sources */,
				D239E65A1DA9EB8A00A04DDB /* Frameworks */,
				D239E65B1DA9EB8A00A04DDB /* Resources */,
			);
			buildRules = (
			);
			dependencies = (
				D239E65F1DA9EB8A00A04DDB /* PBXTargetDependency */,
			);
			name = "百思不得姐Tests";
			productName = "百思不得姐Tests";
			productReference = D239E65D1DA9EB8A00A04DDB /* 百思不得姐Tests.xctest */;
			productType = "com.apple.product-type.bundle.unit-test";
		};
		D239E6671DA9EB8A00A04DDB /* 百思不得姐UITests */ = {
			isa = PBXNativeTarget;
			buildConfigurationList = D239E6771DA9EB8A00A04DDB /* Build configuration list for PBXNativeTarget "百思不得姐UITests" */;
			buildPhases = (
				D239E6641DA9EB8A00A04DDB /* Sources */,
				D239E6651DA9EB8A00A04DDB /* Frameworks */,
				D239E6661DA9EB8A00A04DDB /* Resources */,
			);
			buildRules = (
			);
			dependencies = (
				D239E66A1DA9EB8A00A04DDB /* PBXTargetDependency */,
			);
			name = "百思不得姐UITests";
			productName = "百思不得姐UITests";
			productReference = D239E6681DA9EB8A00A04DDB /* 百思不得姐UITests.xctest */;
			productType = "com.apple.product-type.bundle.ui-testing";
		};
/* End PBXNativeTarget section */

/* Begin PBXProject section */
		D239E63C1DA9EB8900A04DDB /* Project object */ = {
			isa = PBXProject;
			attributes = {
				LastUpgradeCheck = 0730;
				ORGANIZATIONNAME = Tesiro;
				TargetAttributes = {
					D239E6431DA9EB8900A04DDB = {
						CreatedOnToolsVersion = 7.3.1;
					};
					D239E65C1DA9EB8A00A04DDB = {
						CreatedOnToolsVersion = 7.3.1;
						TestTargetID = D239E6431DA9EB8900A04DDB;
					};
					D239E6671DA9EB8A00A04DDB = {
						CreatedOnToolsVersion = 7.3.1;
						TestTargetID = D239E6431DA9EB8900A04DDB;
					};
				};
			};
			buildConfigurationList = D239E63F1DA9EB8900A04DDB /* Build configuration list for PBXProject "百思不得姐" */;
			compatibilityVersion = "Xcode 3.2";
			developmentRegion = English;
			hasScannedForEncodings = 0;
			knownRegions = (
				en,
				Base,
			);
			mainGroup = D239E63B1DA9EB8900A04DDB;
			productRefGroup = D239E6451DA9EB8900A04DDB /* Products */;
			projectDirPath = "";
			projectRoot = "";
			targets = (
				D239E6431DA9EB8900A04DDB /* 百思不得姐 */,
				D239E65C1DA9EB8A00A04DDB /* 百思不得姐Tests */,
				D239E6671DA9EB8A00A04DDB /* 百思不得姐UITests */,
			);
		};
/* End PBXProject section */

/* Begin PBXResourcesBuildPhase section */
		D239E6421DA9EB8900A04DDB /* Resources */ = {
			isa = PBXResourcesBuildPhase;
			buildActionMask = 2147483647;
			files = (
				D239E6571DA9EB8A00A04DDB /* LaunchScreen.storyboard in Resources */,
				D239E6541DA9EB8A00A04DDB /* Assets.xcassets in Resources */,
				D239E6521DA9EB8A00A04DDB /* Main.storyboard in Resources */,
			);
			runOnlyForDeploymentPostprocessing = 0;
		};
		D239E65B1DA9EB8A00A04DDB /* Resources */ = {
			isa = PBXResourcesBuildPhase;
			buildActionMask = 2147483647;
			files = (
			);
			runOnlyForDeploymentPostprocessing = 0;
		};
		D239E6661DA9EB8A00A04DDB /* Resources */ = {
			isa = PBXResourcesBuildPhase;
			buildActionMask = 2147483647;
			files = (
			);
			runOnlyForDeploymentPostprocessing = 0;
		};
/* End PBXResourcesBuildPhase section */

/* Begin PBXSourcesBuildPhase section */
		D239E6401DA9EB8900A04DDB /* Sources */ = {
			isa = PBXSourcesBuildPhase;
			buildActionMask = 2147483647;
			files = (
				D239E64F1DA9EB8A00A04DDB /* ViewController.m in Sources */,
				D239E64C1DA9EB8A00A04DDB /* AppDelegate.m in Sources */,
				D239E6491DA9EB8A00A04DDB /* main.m in Sources */,
			);
			runOnlyForDeploymentPostprocessing = 0;
		};
		D239E6591DA9EB8A00A04DDB /* Sources */ = {
			isa = PBXSourcesBuildPhase;
			buildActionMask = 2147483647;
			files = (
				D239E6621DA9EB8A00A04DDB /* _____Tests.m in Sources */,
			);
			runOnlyForDeploymentPostprocessing = 0;
		};
		D239E6641DA9EB8A00A04DDB /* Sources */ = {
			isa = PBXSourcesBuildPhase;
			buildActionMask = 2147483647;
			files = (
				D239E66D1DA9EB8A00A04DDB /* _____UITests.m in Sources */,
			);
			runOnlyForDeploymentPostprocessing = 0;
		};
/* End PBXSourcesBuildPhase section */

/* Begin PBXTargetDependency section */
		D239E65F1DA9EB8A00A04DDB /* PBXTargetDependency */ = {
			isa = PBXTargetDependency;
			target = D239E6431DA9EB8900A04DDB /* 百思不得姐 */;
			targetProxy = D239E65E1DA9EB8A00A04DDB /* PBXContainerItemProxy */;
		};
		D239E66A1DA9EB8A00A04DDB /* PBXTargetDependency */ = {
			isa = PBXTargetDependency;
			target = D239E6431DA9EB8900A04DDB /* 百思不得姐 */;
			targetProxy = D239E6691DA9EB8A00A04DDB /* PBXContainerItemProxy */;
		};
/* End PBXTargetDependency section */

/* Begin PBXVariantGroup section */
		D239E6501DA9EB8A00A04DDB /* Main.storyboard */ = {
			isa = PBXVariantGroup;
			children = (
				D239E6511DA9EB8A00A04DDB /* Base */,
			);
			name = Main.storyboard;
			sourceTree = "<group>";
		};
		D239E6551DA9EB8A00A04DDB /* LaunchScreen.storyboard */ = {
			isa = PBXVariantGroup;
			children = (
				D239E6561DA9EB8A00A04DDB /* Base */,
			);
			name = LaunchScreen.storyboard;
			sourceTree = "<group>";
		};
/* End PBXVariantGroup section */

/* Begin XCBuildConfiguration section */
		D239E66F1DA9EB8A00A04DDB /* Debug */ = {
			isa = XCBuildConfiguration;
			buildSettings = {
				ALWAYS_SEARCH_USER_PATHS = NO;
				CLANG_ANALYZER_NONNULL = YES;
				CLANG_CXX_LANGUAGE_STANDARD = "gnu++0x";
				CLANG_CXX_LIBRARY = "libc++";
				CLANG_ENABLE_MODULES = YES;
				CLANG_ENABLE_OBJC_ARC = YES;
				CLANG_WARN_BOOL_CONVERSION = YES;
				CLANG_WARN_CONSTANT_CONVERSION = YES;
				CLANG_WARN_DIRECT_OBJC_ISA_USAGE = YES_ERROR;
				CLANG_WARN_EMPTY_BODY = YES;
				CLANG_WARN_ENUM_CONVERSION = YES;
				CLANG_WARN_INT_CONVERSION = YES;
				CLANG_WARN_OBJC_ROOT_CLASS = YES_ERROR;
				CLANG_WARN_UNREACHABLE_CODE = YES;
				CLANG_WARN__DUPLICATE_METHOD_MATCH = YES;
				"CODE_SIGN_IDENTITY[sdk=iphoneos*]" = "iPhone Developer";
				COPY_PHASE_STRIP = NO;
				DEBUG_INFORMATION_FORMAT = dwarf;
				ENABLE_STRICT_OBJC_MSGSEND = YES;
				ENABLE_TESTABILITY = YES;
				GCC_C_LANGUAGE_STANDARD = gnu99;
				GCC_DYNAMIC_NO_PIC = NO;
				GCC_NO_COMMON_BLOCKS = YES;
				GCC_OPTIMIZATION_LEVEL = 0;
				GCC_PREPROCESSOR_DEFINITIONS = (
					"DEBUG=1",
					"$(inherited)",
				);
				GCC_WARN_64_TO_32_BIT_CONVERSION = YES;
				GCC_WARN_ABOUT_RETURN_TYPE = YES_ERROR;
				GCC_WARN_UNDECLARED_SELECTOR = YES;
				GCC_WARN_UNINITIALIZED_AUTOS = YES_AGGRESSIVE;
				GCC_WARN_UNUSED_FUNCTION = YES;
				GCC_WARN_UNUSED_VARIABLE = YES;
				IPHONEOS_DEPLOYMENT_TARGET = 9.3;
				MTL_ENABLE_DEBUG_INFO = YES;
				ONLY_ACTIVE_ARCH = YES;
				SDKROOT = iphoneos;
				TARGETED_DEVICE_FAMILY = "1,2";
			};
			name = Debug;
		};
		D239E6701DA9EB8A00A04DDB /* Release */ = {
			isa = XCBuildConfiguration;
			buildSettings = {
				ALWAYS_SEARCH_USER_PATHS = NO;
				CLANG_ANALYZER_NONNULL = YES;
				CLANG_CXX_LANGUAGE_STANDARD = "gnu++0x";
				CLANG_CXX_LIBRARY = "libc++";
				CLANG_ENABLE_MODULES = YES;
				CLANG_ENABLE_OBJC_ARC = YES;
				CLANG_WARN_BOOL_CONVERSION = YES;
				CLANG_WARN_CONSTANT_CONVERSION = YES;
				CLANG_WARN_DIRECT_OBJC_ISA_USAGE = YES_ERROR;
				CLANG_WARN_EMPTY_BODY = YES;
				CLANG_WARN_ENUM_CONVERSION = YES;
				CLANG_WARN_INT_CONVERSION = YES;
				CLANG_WARN_OBJC_ROOT_CLASS = YES_ERROR;
				CLANG_WARN_UNREACHABLE_CODE = YES;
				CLANG_WARN__DUPLICATE_METHOD_MATCH = YES;
				"CODE_SIGN_IDENTITY[sdk=iphoneos*]" = "iPhone Developer";
				COPY_PHASE_STRIP = NO;
				DEBUG_INFORMATION_FORMAT = "dwarf-with-dsym";
				ENABLE_NS_ASSERTIONS = NO;
				ENABLE_STRICT_OBJC_MSGSEND = YES;
				GCC_C_LANGUAGE_STANDARD = gnu99;
				GCC_NO_COMMON_BLOCKS = YES;
				GCC_WARN_64_TO_32_BIT_CONVERSION = YES;
				GCC_WARN_ABOUT_RETURN_TYPE = YES_ERROR;
				GCC_WARN_UNDECLARED_SELECTOR = YES;
				GCC_WARN_UNINITIALIZED_AUTOS = YES_AGGRESSIVE;
				GCC_WARN_UNUSED_FUNCTION = YES;
				GCC_WARN_UNUSED_VARIABLE = YES;
				IPHONEOS_DEPLOYMENT_TARGET = 9.3;
				MTL_ENABLE_DEBUG_INFO = NO;
				SDKROOT = iphoneos;
				TARGETED_DEVICE_FAMILY = "1,2";
				VALIDATE_PRODUCT = YES;
			};
			name = Release;
		};
		D239E6721DA9EB8A00A04DDB /* Debug */ = {
			isa = XCBuildConfiguration;
			buildSettings = {
				ASSETCATALOG_COMPILER_APPICON_NAME = AppIcon;
				INFOPLIST_FILE = "百思不得姐/Info.plist";
				LD_RUNPATH_SEARCH_PATHS = "$(inherited) @executable_path/Frameworks";
				PRODUCT_BUNDLE_IDENTIFIER = "com.xieshi.-----";
				PRODUCT_NAME = "$(TARGET_NAME)";
			};
			name = Debug;
		};
		D239E6731DA9EB8A00A04DDB /* Release */ = {
			isa = XCBuildConfiguration;
			buildSettings = {
				ASSETCATALOG_COMPILER_APPICON_NAME = AppIcon;
				INFOPLIST_FILE = "百思不得姐/Info.plist";
				LD_RUNPATH_SEARCH_PATHS = "$(inherited) @executable_path/Frameworks";
				PRODUCT_BUNDLE_IDENTIFIER = "com.xieshi.-----";
				PRODUCT_NAME = "$(TARGET_NAME)";
			};
			name = Release;
		};
		D239E6751DA9EB8A00A04DDB /* Debug */ = {
			isa = XCBuildConfiguration;
			buildSettings = {
				BUNDLE_LOADER = "$(TEST_HOST)";
				INFOPLIST_FILE = "百思不得姐Tests/Info.plist";
				LD_RUNPATH_SEARCH_PATHS = "$(inherited) @executable_path/Frameworks @loader_path/Frameworks";
				PRODUCT_BUNDLE_IDENTIFIER = "com.xieshi.-----Tests";
				PRODUCT_NAME = "$(TARGET_NAME)";
				TEST_HOST = "$(BUILT_PRODUCTS_DIR)/百思不得姐.app/百思不得姐";
			};
			name = Debug;
		};
		D239E6761DA9EB8A00A04DDB /* Release */ = {
			isa = XCBuildConfiguration;
			buildSettings = {
				BUNDLE_LOADER = "$(TEST_HOST)";
				INFOPLIST_FILE = "百思不得姐Tests/Info.plist";
				LD_RUNPATH_SEARCH_PATHS = "$(inherited) @executable_path/Frameworks @loader_path/Frameworks";
				PRODUCT_BUNDLE_IDENTIFIER = "com.xieshi.-----Tests";
				PRODUCT_NAME = "$(TARGET_NAME)";
				TEST_HOST = "$(BUILT_PRODUCTS_DIR)/百思不得姐.app/百思不得姐";
			};
			name = Release;
		};
		D239E6781DA9EB8A00A04DDB /* Debug */ = {
			isa = XCBuildConfiguration;
			buildSettings = {
				INFOPLIST_FILE = "百思不得姐UITests/Info.plist";
				LD_RUNPATH_SEARCH_PATHS = "$(inherited) @executable_path/Frameworks @loader_path/Frameworks";
				PRODUCT_BUNDLE_IDENTIFIER = "com.xieshi.-----UITests";
				PRODUCT_NAME = "$(TARGET_NAME)";
				TEST_TARGET_NAME = "百思不得姐";
			};
			name = Debug;
		};
		D239E6791DA9EB8A00A04DDB /* Release */ = {
			isa = XCBuildConfiguration;
			buildSettings = {
				INFOPLIST_FILE = "百思不得姐UITests/Info.plist";
				LD_RUNPATH_SEARCH_PATHS = "$(inherited) @executable_path/Frameworks @loader_path/Frameworks";
				PRODUCT_BUNDLE_IDENTIFIER = "com.xieshi.-----UITests";
				PRODUCT_NAME = "$(TARGET_NAME)";
				TEST_TARGET_NAME = "百思不得姐";
			};
			name = Release;
		};
/* End XCBuildConfiguration section */

/* Begin XCConfigurationList section */
		D239E63F1DA9EB8900A04DDB /* Build configuration list for PBXProject "百思不得姐" */ = {
			isa = XCConfigurationList;
			buildConfigurations = (
				D239E66F1DA9EB8A00A04DDB /* Debug */,
				D239E6701DA9EB8A00A04DDB /* Release */,
			);
			defaultConfigurationIsVisible = 0;
			defaultConfigurationName = Release;
		};
		D239E6711DA9EB8A00A04DDB /* Build configuration list for PBXNativeTarget "百思不得姐" */ = {
			isa = XCConfigurationList;
			buildConfigurations = (
				D239E6721DA9EB8A00A04DDB /* Debug */,
				D239E6731DA9EB8A00A04DDB /* Release */,
			);
			defaultConfigurationIsVisible = 0;
		};
		D239E6741DA9EB8A00A04DDB /* Build configuration list for PBXNativeTarget "百思不得姐Tests" */ = {
			isa = XCConfigurationList;
			buildConfigurations = (
				D239E6751DA9EB8A00A04DDB /* Debug */,
				D239E6761DA9EB8A00A04DDB /* Release */,
			);
			defaultConfigurationIsVisible = 0;
		};
		D239E6771DA9EB8A00A04DDB /* Build configuration list for PBXNativeTarget "百思不得姐UITests" */ = {
			isa = XCConfigurationList;
			buildConfigurations = (
				D239E6781DA9EB8A00A04DDB /* Debug */,
				D239E6791DA9EB8A00A04DDB /* Release */,
			);
			defaultConfigurationIsVisible = 0;
		};
/* End XCConfigurationList section */
	};
	rootObject = D239E63C1DA9EB8900A04DDB /* Project object */;
}
